
Microsoft Visual Studio Solution File, Format Version 12.00
# Visual Studio 15
VisualStudioVersion = 15.0.26730.12
MinimumVisualStudioVersion = 10.0.40219.1
Project("{9A19103F-16F7-4668-BE54-9A1E7A4F7556}") = "Dexih.Utils.Managed.Tasks.Tests", "test\Dexih.Utils.ManagedTasks.Tests\Dexih.Utils.Managed.Tasks.Tests.csproj", "{4EDC3F8E-3F8C-4157-BA8B-2EB14C516F2A}"
EndProject
Project("{FAE04EC0-301F-11D3-BF4B-00C04F79EFBC}") = "Dexih.Utils.ManagedTasks", "src\Dexih.Utils.ManagedTasks\Dexih.Utils.ManagedTasks.csproj", "{89B86315-AFB8-48AE-9FE4-ACB8DB845198}"
EndProject
Project("{FAE04EC0-301F-11D3-BF4B-00C04F79EFBC}") = "TaskWithProgress", "Samples\TaskWithProgress\TaskWithProgress.csproj", "{A57DA474-7556-4670-BEEA-8A7FFBC1A83A}"
EndProject
Global
	GlobalSection(SolutionConfigurationPlatforms) = preSolution
		Debug|Any CPU = Debug|Any CPU
		Release|Any CPU = Release|Any CPU
	EndGlobalSection
	GlobalSection(ProjectConfigurationPlatforms) = postSolution
		{4EDC3F8E-3F8C-4157-BA8B-2EB14C516F2A}.Debug|Any CPU.ActiveCfg = Debug|Any CPU
		{4EDC3F8E-3F8C-4157-BA8B-2EB14C516F2A}.Debug|Any CPU.Build.0 = Debug|Any CPU
		{4EDC3F8E-3F8C-4157-BA8B-2EB14C516F2A}.Release|Any CPU.ActiveCfg = Release|Any CPU
		{4EDC3F8E-3F8C-4157-BA8B-2EB14C516F2A}.Release|Any CPU.Build.0 = Release|Any CPU
		{89B86315-AFB8-48AE-9FE4-ACB8DB845198}.Debug|Any CPU.ActiveCfg = Debug|Any CPU
		{89B86315-AFB8-48AE-9FE4-ACB8DB845198}.Debug|Any CPU.Build.0 = Debug|Any CPU
		{89B86315-AFB8-48AE-9FE4-ACB8DB845198}.Release|Any CPU.ActiveCfg = Release|Any CPU
		{89B86315-AFB8-48AE-9FE4-ACB8DB845198}.Release|Any CPU.Build.0 = Release|Any CPU
		{A57DA474-7556-4670-BEEA-8A7FFBC1A83A}.Debug|Any CPU.ActiveCfg = Debug|Any CPU
		{A57DA474-7556-4670-BEEA-8A7FFBC1A83A}.Debug|Any CPU.Build.0 = Debug|Any CPU
		{A57DA474-7556-4670-BEEA-8A7FFBC1A83A}.Release|Any CPU.ActiveCfg = Release|Any CPU
		{A57DA474-7556-4670-BEEA-8A7FFBC1A83A}.Release|Any CPU.Build.0 = Release|Any CPU
	EndGlobalSection
	GlobalSection(SolutionProperties) = preSolution
		HideSolutionNode = FALSE
	EndGlobalSection
	GlobalSection(ExtensibilityGlobals) = postSolution
		SolutionGuid = {4129D649-7EDA-45B8-A646-812882690C8A}
	EndGlobalSection
EndGlobal
